
Microsoft Visual Studio Solution File, Format Version 12.00
# Visual Studio Version 17
VisualStudioVersion = 17.6.33717.318
MinimumVisualStudioVersion = 10.0.40219.1
Project("{FAE04EC0-301F-11D3-BF4B-00C04F79EFBC}") = "qwhtaveer", "qwhtaveer\qwhtaveer.csproj", "{5ACAC71D-4539-48D1-BFEB-2ECC94980F67}"
EndProject
Global
	GlobalSection(SolutionConfigurationPlatforms) = preSolution
		Debug|Any CPU = Debug|Any CPU
		Release|Any CPU = Release|Any CPU
	EndGlobalSection
	GlobalSection(ProjectConfigurationPlatforms) = postSolution
		{5ACAC71D-4539-48D1-BFEB-2ECC94980F67}.Debug|Any CPU.ActiveCfg = Debug|Any CPU
		{5ACAC71D-4539-48D1-BFEB-2ECC94980F67}.Debug|Any CPU.Build.0 = Debug|Any CPU
		{5ACAC71D-4539-48D1-BFEB-2ECC94980F67}.Release|Any CPU.ActiveCfg = Release|Any CPU
		{5ACAC71D-4539-48D1-BFEB-2ECC94980F67}.Release|Any CPU.Build.0 = Release|Any CPU
	EndGlobalSection
	GlobalSection(SolutionProperties) = preSolution
		HideSolutionNode = FALSE
	EndGlobalSection
	GlobalSection(ExtensibilityGlobals) = postSolution
		SolutionGuid = {07B73F8A-F40B-4A4B-9348-68F7CD880F01}
	EndGlobalSection
EndGlobal
